// !$*UTF8*$!
{
	archiveVersion = 1;
	classes = {
	};
	objectVersion = 46;
	objects = {

/* Begin PBXBuildFile section */
		4C13348D1EB0DF5000F212C4 /* MovieTableViewCell.swift in Sources */ = {isa = PBXBuildFile; fileRef = 4C13348B1EB0DF5000F212C4 /* MovieTableViewCell.swift */; };
		4C13348E1EB0DF5000F212C4 /* MovieTableViewCell.xib in Resources */ = {isa = PBXBuildFile; fileRef = 4C13348C1EB0DF5000F212C4 /* MovieTableViewCell.xib */; };
		4C1334941EB10B7800F212C4 /* NothingFoundTableViewCell.swift in Sources */ = {isa = PBXBuildFile; fileRef = 4C1334921EB10B7800F212C4 /* NothingFoundTableViewCell.swift */; };
		4C1334951EB10B7800F212C4 /* NothingFoundTableViewCell.xib in Resources */ = {isa = PBXBuildFile; fileRef = 4C1334931EB10B7800F212C4 /* NothingFoundTableViewCell.xib */; };
		4C1334981EB10C8500F212C4 /* MovieSearchTableViewCell.swift in Sources */ = {isa = PBXBuildFile; fileRef = 4C1334961EB10C8500F212C4 /* MovieSearchTableViewCell.swift */; };
		4C1334991EB10C8500F212C4 /* MovieSearchTableViewCell.xib in Resources */ = {isa = PBXBuildFile; fileRef = 4C1334971EB10C8500F212C4 /* MovieSearchTableViewCell.xib */; };
		4CFC4F751EAE7E2D0029C915 /* AppDelegate.swift in Sources */ = {isa = PBXBuildFile; fileRef = 4CFC4F741EAE7E2D0029C915 /* AppDelegate.swift */; };
		4CFC4F881EAE7E920029C915 /* MoviesViewController.swift in Sources */ = {isa = PBXBuildFile; fileRef = 4CFC4F871EAE7E920029C915 /* MoviesViewController.swift */; };
		4CFC4F8F1EAE7EB90029C915 /* Assets.xcassets in Resources */ = {isa = PBXBuildFile; fileRef = 4CFC4F8A1EAE7EB90029C915 /* Assets.xcassets */; };
		4CFC4F901EAE7EB90029C915 /* LaunchScreen.storyboard in Resources */ = {isa = PBXBuildFile; fileRef = 4CFC4F8B1EAE7EB90029C915 /* LaunchScreen.storyboard */; };
		4CFC4F911EAE7EB90029C915 /* Main.storyboard in Resources */ = {isa = PBXBuildFile; fileRef = 4CFC4F8D1EAE7EB90029C915 /* Main.storyboard */; };
		4CFC4F941EAF83680029C915 /* WebResponse.swift in Sources */ = {isa = PBXBuildFile; fileRef = 4CFC4F931EAF83680029C915 /* WebResponse.swift */; };
		4CFC4F961EAF83AC0029C915 /* WebApi.swift in Sources */ = {isa = PBXBuildFile; fileRef = 4CFC4F951EAF83AC0029C915 /* WebApi.swift */; };
		4CFC4F981EAF83F80029C915 /* WebClient.swift in Sources */ = {isa = PBXBuildFile; fileRef = 4CFC4F971EAF83F80029C915 /* WebClient.swift */; };
		4CFC4F9B1EAF93FE0029C915 /* Movie.swift in Sources */ = {isa = PBXBuildFile; fileRef = 4CFC4F9A1EAF93FE0029C915 /* Movie.swift */; };
/* End PBXBuildFile section */

/* Begin PBXFileReference section */
		4C13348B1EB0DF5000F212C4 /* MovieTableViewCell.swift */ = {isa = PBXFileReference; fileEncoding = 4; lastKnownFileType = sourcecode.swift; path = MovieTableViewCell.swift; sourceTree = "<group>"; };
		4C13348C1EB0DF5000F212C4 /* MovieTableViewCell.xib */ = {isa = PBXFileReference; fileEncoding = 4; lastKnownFileType = file.xib; path = MovieTableViewCell.xib; sourceTree = "<group>"; };
		4C1334921EB10B7800F212C4 /* NothingFoundTableViewCell.swift */ = {isa = PBXFileReference; fileEncoding = 4; lastKnownFileType = sourcecode.swift; path = NothingFoundTableViewCell.swift; sourceTree = "<group>"; };
		4C1334931EB10B7800F212C4 /* NothingFoundTableViewCell.xib */ = {isa = PBXFileReference; fileEncoding = 4; lastKnownFileType = file.xib; path = NothingFoundTableViewCell.xib; sourceTree = "<group>"; };
		4C1334961EB10C8500F212C4 /* MovieSearchTableViewCell.swift */ = {isa = PBXFileReference; fileEncoding = 4; lastKnownFileType = sourcecode.swift; path = MovieSearchTableViewCell.swift; sourceTree = "<group>"; };
		4C1334971EB10C8500F212C4 /* MovieSearchTableViewCell.xib */ = {isa = PBXFileReference; fileEncoding = 4; lastKnownFileType = file.xib; path = MovieSearchTableViewCell.xib; sourceTree = "<group>"; };
		4CFC4F711EAE7E2D0029C915 /* Hummingbird_movies.app */ = {isa = PBXFileReference; explicitFileType = wrapper.application; includeInIndex = 0; path = Hummingbird_movies.app; sourceTree = BUILT_PRODUCTS_DIR; };
		4CFC4F741EAE7E2D0029C915 /* AppDelegate.swift */ = {isa = PBXFileReference; lastKnownFileType = sourcecode.swift; path = AppDelegate.swift; sourceTree = "<group>"; };
		4CFC4F801EAE7E2D0029C915 /* Info.plist */ = {isa = PBXFileReference; lastKnownFileType = text.plist.xml; path = Info.plist; sourceTree = "<group>"; };
		4CFC4F871EAE7E920029C915 /* MoviesViewController.swift */ = {isa = PBXFileReference; fileEncoding = 4; lastKnownFileType = sourcecode.swift; path = MoviesViewController.swift; sourceTree = "<group>"; };
		4CFC4F8A1EAE7EB90029C915 /* Assets.xcassets */ = {isa = PBXFileReference; lastKnownFileType = folder.assetcatalog; path = Assets.xcassets; sourceTree = "<group>"; };
		4CFC4F8C1EAE7EB90029C915 /* Base */ = {isa = PBXFileReference; lastKnownFileType = file.storyboard; name = Base; path = Base.lproj/LaunchScreen.storyboard; sourceTree = "<group>"; };
		4CFC4F8E1EAE7EB90029C915 /* Base */ = {isa = PBXFileReference; lastKnownFileType = file.storyboard; name = Base; path = Base.lproj/Main.storyboard; sourceTree = "<group>"; };
		4CFC4F931EAF83680029C915 /* WebResponse.swift */ = {isa = PBXFileReference; fileEncoding = 4; lastKnownFileType = sourcecode.swift; path = WebResponse.swift; sourceTree = "<group>"; };
		4CFC4F951EAF83AC0029C915 /* WebApi.swift */ = {isa = PBXFileReference; fileEncoding = 4; lastKnownFileType = sourcecode.swift; path = WebApi.swift; sourceTree = "<group>"; };
		4CFC4F971EAF83F80029C915 /* WebClient.swift */ = {isa = PBXFileReference; fileEncoding = 4; lastKnownFileType = sourcecode.swift; path = WebClient.swift; sourceTree = "<group>"; };
		4CFC4F9A1EAF93FE0029C915 /* Movie.swift */ = {isa = PBXFileReference; fileEncoding = 4; lastKnownFileType = sourcecode.swift; path = Movie.swift; sourceTree = "<group>"; };
/* End PBXFileReference section */

/* Begin PBXFrameworksBuildPhase section */
		4CFC4F6E1EAE7E2D0029C915 /* Frameworks */ = {
			isa = PBXFrameworksBuildPhase;
			buildActionMask = 2147483647;
			files = (
			);
			runOnlyForDeploymentPostprocessing = 0;
		};
/* End PBXFrameworksBuildPhase section */

/* Begin PBXGroup section */
		4C13348A1EB0DF3800F212C4 /* View */ = {
			isa = PBXGroup;
			children = (
				4C13348B1EB0DF5000F212C4 /* MovieTableViewCell.swift */,
				4C13348C1EB0DF5000F212C4 /* MovieTableViewCell.xib */,
				4C1334921EB10B7800F212C4 /* NothingFoundTableViewCell.swift */,
				4C1334931EB10B7800F212C4 /* NothingFoundTableViewCell.xib */,
				4C1334961EB10C8500F212C4 /* MovieSearchTableViewCell.swift */,
				4C1334971EB10C8500F212C4 /* MovieSearchTableViewCell.xib */,
			);
			path = View;
			sourceTree = "<group>";
		};
		4CFC4F681EAE7E2D0029C915 = {
			isa = PBXGroup;
			children = (
				4CFC4F731EAE7E2D0029C915 /* Hummingbird_movies */,
				4CFC4F721EAE7E2D0029C915 /* Products */,
			);
			sourceTree = "<group>";
		};
		4CFC4F721EAE7E2D0029C915 /* Products */ = {
			isa = PBXGroup;
			children = (
				4CFC4F711EAE7E2D0029C915 /* Hummingbird_movies.app */,
			);
			name = Products;
			sourceTree = "<group>";
		};
		4CFC4F731EAE7E2D0029C915 /* Hummingbird_movies */ = {
			isa = PBXGroup;
			children = (
				4CFC4F741EAE7E2D0029C915 /* AppDelegate.swift */,
				4CFC4F921EAF83550029C915 /* Service */,
				4CFC4F991EAF93BA0029C915 /* Model */,
				4C13348A1EB0DF3800F212C4 /* View */,
				4CFC4F861EAE7E820029C915 /* Controllers */,
				4CFC4F891EAE7EB90029C915 /* Assets */,
				4CFC4F801EAE7E2D0029C915 /* Info.plist */,
			);
			path = Hummingbird_movies;
			sourceTree = "<group>";
		};
		4CFC4F861EAE7E820029C915 /* Controllers */ = {
			isa = PBXGroup;
			children = (
				4CFC4F871EAE7E920029C915 /* MoviesViewController.swift */,
			);
			path = Controllers;
			sourceTree = "<group>";
		};
		4CFC4F891EAE7EB90029C915 /* Assets */ = {
			isa = PBXGroup;
			children = (
				4CFC4F8A1EAE7EB90029C915 /* Assets.xcassets */,
				4CFC4F8B1EAE7EB90029C915 /* LaunchScreen.storyboard */,
				4CFC4F8D1EAE7EB90029C915 /* Main.storyboard */,
			);
			path = Assets;
			sourceTree = "<group>";
		};
		4CFC4F921EAF83550029C915 /* Service */ = {
			isa = PBXGroup;
			children = (
				4CFC4F931EAF83680029C915 /* WebResponse.swift */,
				4CFC4F971EAF83F80029C915 /* WebClient.swift */,
				4CFC4F951EAF83AC0029C915 /* WebApi.swift */,
			);
			path = Service;
			sourceTree = "<group>";
		};
		4CFC4F991EAF93BA0029C915 /* Model */ = {
			isa = PBXGroup;
			children = (
				4CFC4F9A1EAF93FE0029C915 /* Movie.swift */,
			);
			path = Model;
			sourceTree = "<group>";
		};
/* End PBXGroup section */

/* Begin PBXNativeTarget section */
		4CFC4F701EAE7E2D0029C915 /* Hummingbird_movies */ = {
			isa = PBXNativeTarget;
			buildConfigurationList = 4CFC4F831EAE7E2D0029C915 /* Build configuration list for PBXNativeTarget "Hummingbird_movies" */;
			buildPhases = (
				4CFC4F6D1EAE7E2D0029C915 /* Sources */,
				4CFC4F6E1EAE7E2D0029C915 /* Frameworks */,
				4CFC4F6F1EAE7E2D0029C915 /* Resources */,
			);
			buildRules = (
			);
			dependencies = (
			);
			name = Hummingbird_movies;
			productName = Hummingbird_movies;
			productReference = 4CFC4F711EAE7E2D0029C915 /* Hummingbird_movies.app */;
			productType = "com.apple.product-type.application";
		};
/* End PBXNativeTarget section */

/* Begin PBXProject section */
		4CFC4F691EAE7E2D0029C915 /* Project object */ = {
			isa = PBXProject;
			attributes = {
				LastSwiftUpdateCheck = 0820;
				LastUpgradeCheck = 0820;
				ORGANIZATIONNAME = "iCasei Site";
				TargetAttributes = {
					4CFC4F701EAE7E2D0029C915 = {
						CreatedOnToolsVersion = 8.2;
						DevelopmentTeam = B8W8EMAKZD;
						ProvisioningStyle = Automatic;
					};
				};
			};
			buildConfigurationList = 4CFC4F6C1EAE7E2D0029C915 /* Build configuration list for PBXProject "Hummingbird_movies" */;
			compatibilityVersion = "Xcode 3.2";
			developmentRegion = English;
			hasScannedForEncodings = 0;
			knownRegions = (
				en,
				Base,
			);
			mainGroup = 4CFC4F681EAE7E2D0029C915;
			productRefGroup = 4CFC4F721EAE7E2D0029C915 /* Products */;
			projectDirPath = "";
			projectRoot = "";
			targets = (
				4CFC4F701EAE7E2D0029C915 /* Hummingbird_movies */,
			);
		};
/* End PBXProject section */

/* Begin PBXResourcesBuildPhase section */
		4CFC4F6F1EAE7E2D0029C915 /* Resources */ = {
			isa = PBXResourcesBuildPhase;
			buildActionMask = 2147483647;
			files = (
				4CFC4F911EAE7EB90029C915 /* Main.storyboard in Resources */,
				4CFC4F8F1EAE7EB90029C915 /* Assets.xcassets in Resources */,
				4C1334951EB10B7800F212C4 /* NothingFoundTableViewCell.xib in Resources */,
				4C13348E1EB0DF5000F212C4 /* MovieTableViewCell.xib in Resources */,
				4C1334991EB10C8500F212C4 /* MovieSearchTableViewCell.xib in Resources */,
				4CFC4F901EAE7EB90029C915 /* LaunchScreen.storyboard in Resources */,
			);
			runOnlyForDeploymentPostprocessing = 0;
		};
/* End PBXResourcesBuildPhase section */

/* Begin PBXSourcesBuildPhase section */
		4CFC4F6D1EAE7E2D0029C915 /* Sources */ = {
			isa = PBXSourcesBuildPhase;
			buildActionMask = 2147483647;
			files = (
				4C1334941EB10B7800F212C4 /* NothingFoundTableViewCell.swift in Sources */,
				4CFC4F751EAE7E2D0029C915 /* AppDelegate.swift in Sources */,
				4CFC4F941EAF83680029C915 /* WebResponse.swift in Sources */,
				4C13348D1EB0DF5000F212C4 /* MovieTableViewCell.swift in Sources */,
				4CFC4F9B1EAF93FE0029C915 /* Movie.swift in Sources */,
				4C1334981EB10C8500F212C4 /* MovieSearchTableViewCell.swift in Sources */,
				4CFC4F881EAE7E920029C915 /* MoviesViewController.swift in Sources */,
				4CFC4F981EAF83F80029C915 /* WebClient.swift in Sources */,
				4CFC4F961EAF83AC0029C915 /* WebApi.swift in Sources */,
			);
			runOnlyForDeploymentPostprocessing = 0;
		};
/* End PBXSourcesBuildPhase section */

/* Begin PBXVariantGroup section */
		4CFC4F8B1EAE7EB90029C915 /* LaunchScreen.storyboard */ = {
			isa = PBXVariantGroup;
			children = (
				4CFC4F8C1EAE7EB90029C915 /* Base */,
			);
			name = LaunchScreen.storyboard;
			sourceTree = "<group>";
		};
		4CFC4F8D1EAE7EB90029C915 /* Main.storyboard */ = {
			isa = PBXVariantGroup;
			children = (
				4CFC4F8E1EAE7EB90029C915 /* Base */,
			);
			name = Main.storyboard;
			sourceTree = "<group>";
		};
/* End PBXVariantGroup section */

/* Begin XCBuildConfiguration section */
		4CFC4F811EAE7E2D0029C915 /* Debug */ = {
			isa = XCBuildConfiguration;
			buildSettings = {
				ALWAYS_SEARCH_USER_PATHS = NO;
				CLANG_ANALYZER_NONNULL = YES;
				CLANG_CXX_LANGUAGE_STANDARD = "gnu++0x";
				CLANG_CXX_LIBRARY = "libc++";
				CLANG_ENABLE_MODULES = YES;
				CLANG_ENABLE_OBJC_ARC = YES;
				CLANG_WARN_BOOL_CONVERSION = YES;
				CLANG_WARN_CONSTANT_CONVERSION = YES;
				CLANG_WARN_DIRECT_OBJC_ISA_USAGE = YES_ERROR;
				CLANG_WARN_DOCUMENTATION_COMMENTS = YES;
				CLANG_WARN_EMPTY_BODY = YES;
				CLANG_WARN_ENUM_CONVERSION = YES;
				CLANG_WARN_INFINITE_RECURSION = YES;
				CLANG_WARN_INT_CONVERSION = YES;
				CLANG_WARN_OBJC_ROOT_CLASS = YES_ERROR;
				CLANG_WARN_SUSPICIOUS_MOVE = YES;
				CLANG_WARN_UNREACHABLE_CODE = YES;
				CLANG_WARN__DUPLICATE_METHOD_MATCH = YES;
				"CODE_SIGN_IDENTITY[sdk=iphoneos*]" = "iPhone Developer";
				COPY_PHASE_STRIP = NO;
				DEBUG_INFORMATION_FORMAT = dwarf;
				ENABLE_STRICT_OBJC_MSGSEND = YES;
				ENABLE_TESTABILITY = YES;
				GCC_C_LANGUAGE_STANDARD = gnu99;
				GCC_DYNAMIC_NO_PIC = NO;
				GCC_NO_COMMON_BLOCKS = YES;
				GCC_OPTIMIZATION_LEVEL = 0;
				GCC_PREPROCESSOR_DEFINITIONS = (
					"DEBUG=1",
					"$(inherited)",
				);
				GCC_WARN_64_TO_32_BIT_CONVERSION = YES;
				GCC_WARN_ABOUT_RETURN_TYPE = YES_ERROR;
				GCC_WARN_UNDECLARED_SELECTOR = YES;
				GCC_WARN_UNINITIALIZED_AUTOS = YES_AGGRESSIVE;
				GCC_WARN_UNUSED_FUNCTION = YES;
				GCC_WARN_UNUSED_VARIABLE = YES;
				IPHONEOS_DEPLOYMENT_TARGET = 10.2;
				MTL_ENABLE_DEBUG_INFO = YES;
				ONLY_ACTIVE_ARCH = YES;
				SDKROOT = iphoneos;
				SWIFT_ACTIVE_COMPILATION_CONDITIONS = DEBUG;
				SWIFT_OPTIMIZATION_LEVEL = "-Onone";
			};
			name = Debug;
		};
		4CFC4F821EAE7E2D0029C915 /* Release */ = {
			isa = XCBuildConfiguration;
			buildSettings = {
				ALWAYS_SEARCH_USER_PATHS = NO;
				CLANG_ANALYZER_NONNULL = YES;
				CLANG_CXX_LANGUAGE_STANDARD = "gnu++0x";
				CLANG_CXX_LIBRARY = "libc++";
				CLANG_ENABLE_MODULES = YES;
				CLANG_ENABLE_OBJC_ARC = YES;
				CLANG_WARN_BOOL_CONVERSION = YES;
				CLANG_WARN_CONSTANT_CONVERSION = YES;
				CLANG_WARN_DIRECT_OBJC_ISA_USAGE = YES_ERROR;
				CLANG_WARN_DOCUMENTATION_COMMENTS = YES;
				CLANG_WARN_EMPTY_BODY = YES;
				CLANG_WARN_ENUM_CONVERSION = YES;
				CLANG_WARN_INFINITE_RECURSION = YES;
				CLANG_WARN_INT_CONVERSION = YES;
				CLANG_WARN_OBJC_ROOT_CLASS = YES_ERROR;
				CLANG_WARN_SUSPICIOUS_MOVE = YES;
				CLANG_WARN_UNREACHABLE_CODE = YES;
				CLANG_WARN__DUPLICATE_METHOD_MATCH = YES;
				"CODE_SIGN_IDENTITY[sdk=iphoneos*]" = "iPhone Developer";
				COPY_PHASE_STRIP = NO;
				DEBUG_INFORMATION_FORMAT = "dwarf-with-dsym";
				ENABLE_NS_ASSERTIONS = NO;
				ENABLE_STRICT_OBJC_MSGSEND = YES;
				GCC_C_LANGUAGE_STANDARD = gnu99;
				GCC_NO_COMMON_BLOCKS = YES;
				GCC_WARN_64_TO_32_BIT_CONVERSION = YES;
				GCC_WARN_ABOUT_RETURN_TYPE = YES_ERROR;
				GCC_WARN_UNDECLARED_SELECTOR = YES;
				GCC_WARN_UNINITIALIZED_AUTOS = YES_AGGRESSIVE;
				GCC_WARN_UNUSED_FUNCTION = YES;
				GCC_WARN_UNUSED_VARIABLE = YES;
				IPHONEOS_DEPLOYMENT_TARGET = 10.2;
				MTL_ENABLE_DEBUG_INFO = NO;
				SDKROOT = iphoneos;
				SWIFT_OPTIMIZATION_LEVEL = "-Owholemodule";
				VALIDATE_PRODUCT = YES;
			};
			name = Release;
		};
		4CFC4F841EAE7E2D0029C915 /* Debug */ = {
			isa = XCBuildConfiguration;
			buildSettings = {
				ASSETCATALOG_COMPILER_APPICON_NAME = AppIcon;
				DEVELOPMENT_TEAM = B8W8EMAKZD;
				INFOPLIST_FILE = Hummingbird_movies/Info.plist;
				IPHONEOS_DEPLOYMENT_TARGET = 8.0;
				LD_RUNPATH_SEARCH_PATHS = "$(inherited) @executable_path/Frameworks";
				PRODUCT_BUNDLE_IDENTIFIER = "com.novaes.hummingbird.Hummingbird-movies";
				PRODUCT_NAME = "$(TARGET_NAME)";
				SWIFT_VERSION = 3.0;
			};
			name = Debug;
		};
		4CFC4F851EAE7E2D0029C915 /* Release */ = {
			isa = XCBuildConfiguration;
			buildSettings = {
				ASSETCATALOG_COMPILER_APPICON_NAME = AppIcon;
				DEVELOPMENT_TEAM = B8W8EMAKZD;
				INFOPLIST_FILE = Hummingbird_movies/Info.plist;
				IPHONEOS_DEPLOYMENT_TARGET = 8.0;
				LD_RUNPATH_SEARCH_PATHS = "$(inherited) @executable_path/Frameworks";
				PRODUCT_BUNDLE_IDENTIFIER = "com.novaes.hummingbird.Hummingbird-movies";
				PRODUCT_NAME = "$(TARGET_NAME)";
				SWIFT_VERSION = 3.0;
			};
			name = Release;
		};
/* End XCBuildConfiguration section */

/* Begin XCConfigurationList section */
		4CFC4F6C1EAE7E2D0029C915 /* Build configuration list for PBXProject "Hummingbird_movies" */ = {
			isa = XCConfigurationList;
			buildConfigurations = (
				4CFC4F811EAE7E2D0029C915 /* Debug */,
				4CFC4F821EAE7E2D0029C915 /* Release */,
			);
			defaultConfigurationIsVisible = 0;
			defaultConfigurationName = Release;
		};
		4CFC4F831EAE7E2D0029C915 /* Build configuration list for PBXNativeTarget "Hummingbird_movies" */ = {
			isa = XCConfigurationList;
			buildConfigurations = (
				4CFC4F841EAE7E2D0029C915 /* Debug */,
				4CFC4F851EAE7E2D0029C915 /* Release */,
			);
			defaultConfigurationIsVisible = 0;
			defaultConfigurationName = Release;
		};
/* End XCConfigurationList section */
	};
	rootObject = 4CFC4F691EAE7E2D0029C915 /* Project object */;
}
